# This file is automatically @generated by Poetry and should not be changed by hand.

[[package]]
name = "fastapi"
version = "0.115.0"
description = "FastAPI framework, high performance, easy to learn, fast to code, ready for production"
category = "main"
optional = false
python-versions = ">=3.8"
files = [
    {file = "fastapi-0.115.0-py3-none-any.whl", hash = "sha256:17ea427674467486e997206f5a1ac7eb0d2c63c737f854cc89ca5df1c2c4de3"},
]

[package.dependencies]
pydantic = ">=1.7.4,<2.8.0"
starlette = ">=0.40.0,<0.42.0"
typing-extensions = ">=4.8.0"

[metadata]
lock-version = "2.0"
python-versions = "^3.11"
content-hash = "0000000000000000000000000000000000000000000000000000000000000000"
